
Microsoft Visual Studio Solution File, Format Version 12.00
# Visual Studio 14
VisualStudioVersion = 14.0.25420.1
MinimumVisualStudioVersion = 10.0.40219.1
Project("{FAE04EC0-301F-11D3-BF4B-00C04F79EFBC}") = "OurFirstWebApplication", "OurFirstWebApplication\OurFirstWebApplication.csproj", "{83C31873-FF7A-4174-9D6F-D459291F3485}"
EndProject
Project("{FAE04EC0-301F-11D3-BF4B-00C04F79EFBC}") = "WebApplicationService", "WebApplicationService\WebApplicationService.csproj", "{E8C1F9D2-6D59-4E82-8B76-77BA49017B0D}"
EndProject
Project("{FAE04EC0-301F-11D3-BF4B-00C04F79EFBC}") = "DAL", "DAL\DAL.csproj", "{38961EA7-C873-41B9-9AB5-932ADB846DA3}"
EndProject
Project("{FAE04EC0-301F-11D3-BF4B-00C04F79EFBC}") = "BLL", "BLL\BLL.csproj", "{80BCD290-58D1-4F85-974A-BB8E4126ADA2}"
EndProject
Project("{FAE04EC0-301F-11D3-BF4B-00C04F79EFBC}") = "Models", "Models\Models.csproj", "{63D766B6-3487-4453-9EA0-74EDE56D860E}"
EndProject
Global
	GlobalSection(SolutionConfigurationPlatforms) = preSolution
		Debug|Any CPU = Debug|Any CPU
		Release|Any CPU = Release|Any CPU
	EndGlobalSection
	GlobalSection(ProjectConfigurationPlatforms) = postSolution
		{83C31873-FF7A-4174-9D6F-D459291F3485}.Debug|Any CPU.ActiveCfg = Debug|Any CPU
		{83C31873-FF7A-4174-9D6F-D459291F3485}.Debug|Any CPU.Build.0 = Debug|Any CPU
		{83C31873-FF7A-4174-9D6F-D459291F3485}.Release|Any CPU.ActiveCfg = Release|Any CPU
		{83C31873-FF7A-4174-9D6F-D459291F3485}.Release|Any CPU.Build.0 = Release|Any CPU
		{E8C1F9D2-6D59-4E82-8B76-77BA49017B0D}.Debug|Any CPU.ActiveCfg = Debug|Any CPU
		{E8C1F9D2-6D59-4E82-8B76-77BA49017B0D}.Debug|Any CPU.Build.0 = Debug|Any CPU
		{E8C1F9D2-6D59-4E82-8B76-77BA49017B0D}.Release|Any CPU.ActiveCfg = Release|Any CPU
		{E8C1F9D2-6D59-4E82-8B76-77BA49017B0D}.Release|Any CPU.Build.0 = Release|Any CPU
		{38961EA7-C873-41B9-9AB5-932ADB846DA3}.Debug|Any CPU.ActiveCfg = Debug|Any CPU
		{38961EA7-C873-41B9-9AB5-932ADB846DA3}.Debug|Any CPU.Build.0 = Debug|Any CPU
		{38961EA7-C873-41B9-9AB5-932ADB846DA3}.Release|Any CPU.ActiveCfg = Release|Any CPU
		{38961EA7-C873-41B9-9AB5-932ADB846DA3}.Release|Any CPU.Build.0 = Release|Any CPU
		{80BCD290-58D1-4F85-974A-BB8E4126ADA2}.Debug|Any CPU.ActiveCfg = Debug|Any CPU
		{80BCD290-58D1-4F85-974A-BB8E4126ADA2}.Debug|Any CPU.Build.0 = Debug|Any CPU
		{80BCD290-58D1-4F85-974A-BB8E4126ADA2}.Release|Any CPU.ActiveCfg = Release|Any CPU
		{80BCD290-58D1-4F85-974A-BB8E4126ADA2}.Release|Any CPU.Build.0 = Release|Any CPU
		{63D766B6-3487-4453-9EA0-74EDE56D860E}.Debug|Any CPU.ActiveCfg = Debug|Any CPU
		{63D766B6-3487-4453-9EA0-74EDE56D860E}.Debug|Any CPU.Build.0 = Debug|Any CPU
		{63D766B6-3487-4453-9EA0-74EDE56D860E}.Release|Any CPU.ActiveCfg = Release|Any CPU
		{63D766B6-3487-4453-9EA0-74EDE56D860E}.Release|Any CPU.Build.0 = Release|Any CPU
	EndGlobalSection
	GlobalSection(SolutionProperties) = preSolution
		HideSolutionNode = FALSE
	EndGlobalSection
EndGlobal
